lockfileVersion: '9.0'

settings:
  autoInstallPeers: true
  excludeLinksFromLockfile: false

importers:

  .:
    dependencies:
      lucide:
        specifier: ^0.536.0
        version: 0.536.0
      lucide-react:
        specifier: ^0.536.0
        version: 0.536.0(react@19.1.1)

packages:

  lucide-react@0.536.0:
    resolution: {integrity: sha512-2PgvNa9v+qz4Jt/ni8vPLt4jwoFybXHuubQT8fv4iCW5TjDxkbZjNZZHa485ad73NSEn/jdsEtU57eE1g+ma8A==}
    peerDependencies:
      react: ^16.5.1 || ^17.0.0 || ^18.0.0 || ^19.0.0

  lucide@0.536.0:
    resolution: {integrity: sha512-BmwmMcTpPcyW2fsF8psFg+/5/xQkSvJ7eSt223hzUSmITfxhfEc7gg16ivWz97cAPMzVSmhkQ2Uj5kN2xOnUeQ==}

  react@19.1.1:
    resolution: {integrity: sha512-w8nqGImo45dmMIfljjMwOGtbmC/mk4CMYhWIicdSflH91J9TyCyczcPFXJzrZ/ZXcgGRFeP6BU0BEJTw6tZdfQ==}
    engines: {node: '>=0.10.0'}

snapshots:

  lucide-react@0.536.0(react@19.1.1):
    dependencies:
      react: 19.1.1

  lucide@0.536.0: {}

  react@19.1.1: {}
